
Microsoft Visual Studio Solution File, Format Version 12.00
# Visual Studio Version 17
VisualStudioVersion = 17.14.36616.10 d17.14
MinimumVisualStudioVersion = 10.0.40219.1
Project("{FAE04EC0-301F-11D3-BF4B-00C04F79EFBC}") = "ws_comer_dotnet_gr08", "ws_comer_dotnet_gr08.csproj", "{6AC71A38-356A-4BEF-B6F1-84A83A71ADA8}"
EndProject
Global
	GlobalSection(SolutionConfigurationPlatforms) = preSolution
		Debug|Any CPU = Debug|Any CPU
		Release|Any CPU = Release|Any CPU
	EndGlobalSection
	GlobalSection(ProjectConfigurationPlatforms) = postSolution
		{6AC71A38-356A-4BEF-B6F1-84A83A71ADA8}.Debug|Any CPU.ActiveCfg = Debug|Any CPU
		{6AC71A38-356A-4BEF-B6F1-84A83A71ADA8}.Debug|Any CPU.Build.0 = Debug|Any CPU
		{6AC71A38-356A-4BEF-B6F1-84A83A71ADA8}.Release|Any CPU.ActiveCfg = Release|Any CPU
		{6AC71A38-356A-4BEF-B6F1-84A83A71ADA8}.Release|Any CPU.Build.0 = Release|Any CPU
	EndGlobalSection
	GlobalSection(SolutionProperties) = preSolution
		HideSolutionNode = FALSE
	EndGlobalSection
	GlobalSection(ExtensibilityGlobals) = postSolution
		SolutionGuid = {A8CD3F8B-CFB8-41C7-9E60-814D361E0A6E}
	EndGlobalSection
EndGlobal
